
Microsoft Visual Studio Solution File, Format Version 12.00
# Visual Studio Version 16
VisualStudioVersion = 16.0.30621.155
MinimumVisualStudioVersion = 10.0.40219.1
Project("{9A19103F-16F7-4668-BE54-9A1E7A4F7556}") = "InventoryManagement", "InventoryManagement\InventoryManagement.csproj", "{6D61199F-6991-4E4F-A42E-0EC5C0FE0F26}"
EndProject
Project("{FAE04EC0-301F-11D3-BF4B-00C04F79EFBC}") = "InventoryReport", "InventoryReport\InventoryReport\InventoryReport.csproj", "{FBCA22E4-9907-4249-BA2C-56482D5DD55C}"
EndProject
Project("{FAE04EC0-301F-11D3-BF4B-00C04F79EFBC}") = "InventoryTests", "InventoryTests\InventoryTests.csproj", "{5B050076-D125-49C9-A96C-48898B019FBD}"
EndProject
Global
	GlobalSection(SolutionConfigurationPlatforms) = preSolution
		Debug|Any CPU = Debug|Any CPU
		Release|Any CPU = Release|Any CPU
	EndGlobalSection
	GlobalSection(ProjectConfigurationPlatforms) = postSolution
		{6D61199F-6991-4E4F-A42E-0EC5C0FE0F26}.Debug|Any CPU.ActiveCfg = Debug|Any CPU
		{6D61199F-6991-4E4F-A42E-0EC5C0FE0F26}.Debug|Any CPU.Build.0 = Debug|Any CPU
		{6D61199F-6991-4E4F-A42E-0EC5C0FE0F26}.Release|Any CPU.ActiveCfg = Release|Any CPU
		{6D61199F-6991-4E4F-A42E-0EC5C0FE0F26}.Release|Any CPU.Build.0 = Release|Any CPU
		{FBCA22E4-9907-4249-BA2C-56482D5DD55C}.Debug|Any CPU.ActiveCfg = Debug|Any CPU
		{FBCA22E4-9907-4249-BA2C-56482D5DD55C}.Debug|Any CPU.Build.0 = Debug|Any CPU
		{FBCA22E4-9907-4249-BA2C-56482D5DD55C}.Release|Any CPU.ActiveCfg = Release|Any CPU
		{FBCA22E4-9907-4249-BA2C-56482D5DD55C}.Release|Any CPU.Build.0 = Release|Any CPU
		{5B050076-D125-49C9-A96C-48898B019FBD}.Debug|Any CPU.ActiveCfg = Debug|Any CPU
		{5B050076-D125-49C9-A96C-48898B019FBD}.Debug|Any CPU.Build.0 = Debug|Any CPU
		{5B050076-D125-49C9-A96C-48898B019FBD}.Release|Any CPU.ActiveCfg = Release|Any CPU
		{5B050076-D125-49C9-A96C-48898B019FBD}.Release|Any CPU.Build.0 = Release|Any CPU
	EndGlobalSection
	GlobalSection(SolutionProperties) = preSolution
		HideSolutionNode = FALSE
	EndGlobalSection
	GlobalSection(ExtensibilityGlobals) = postSolution
		SolutionGuid = {9CAE158C-43E3-43ED-8332-74A22E4525DE}
	EndGlobalSection
EndGlobal
